{
  "version": 1,
  "dependencies": {
    "net8.0": {
      "LibTessDotNet": {
        "type": "Direct",
        "requested": "[1.1.15, )",
        "resolved": "1.1.15",
        "contentHash": "KuA7N3Nv/lIeawJdQBQJR6oqWD9KETHLbWzBqapwFs+Tby+R5I4crkKujKMm5bXcSuFZ8LNtflFQVadsWCbBjg=="
      },
      "Microsoft.Extensions.ObjectPool": {
        "type": "Direct",
        "requested": "[9.0.9, )",
        "resolved": "9.0.9",
        "contentHash": "jYZSlGBpPzqWr3mc7cf/YNTY45ys7FIaziQtHAK3sWtd5v4ehpowBmrL2aOSizfM7Q326PDw2P100ILpdEbhzg=="
      },
      "Roslynator.Analyzers": {
        "type": "Direct",
        "requested": "[4.9.0, )",
        "resolved": "4.9.0",
        "contentHash": "lFd4MmkllYR0dKlPWDokRwAvQnjNoPJztlncyzvnCG/wvGr5FzHAencngcJna/wkyDE0xIv7AnUccgCLsoIXTw=="
      },
      "StyleCop.Analyzers": {
        "type": "Direct",
        "requested": "[1.2.0-beta.435, )",
        "resolved": "1.2.0-beta.435",
        "contentHash": "TADk7vdGXtfTnYCV7GyleaaRTQjfoSfZXprQrVMm7cSJtJbFc1QIbWPyLvrgrfGdfHbGmUPvaN4ODKNxg2jgPQ==",
        "dependencies": {
          "StyleCop.Analyzers.Unstable": "1.2.0.435"
        }
      },
      "StyleCop.Analyzers.Unstable": {
        "type": "Transitive",
        "resolved": "1.2.0.435",
        "contentHash": "ouwPWZxbOV3SmCZxIRqHvljkSzkCyi1tDoMzQtDb/bRP8ctASV/iRJr+A2Gdj0QLaLmWnqTWDrH82/iP+X80Lg=="
      },
      "fastgeomesh.domain": {
        "type": "Project"
      }
    }
  }
}