{
  "version": 1,
  "dependencies": {
    "net8.0": {
      "LibTessDotNet": {
        "type": "Transitive",
        "resolved": "1.1.15",
        "contentHash": "KuA7N3Nv/lIeawJdQBQJR6oqWD9KETHLbWzBqapwFs+Tby+R5I4crkKujKMm5bXcSuFZ8LNtflFQVadsWCbBjg=="
      },
      "Microsoft.Extensions.ObjectPool": {
        "type": "Transitive",
        "resolved": "9.0.9",
        "contentHash": "jYZSlGBpPzqWr3mc7cf/YNTY45ys7FIaziQtHAK3sWtd5v4ehpowBmrL2aOSizfM7Q326PDw2P100ILpdEbhzg=="
      },
      "fastgeomesh": {
        "type": "Project",
        "dependencies": {
          "FastGeoMesh.Application": "[1.0.0, )",
          "FastGeoMesh.Domain": "[1.0.0, )",
          "FastGeoMesh.Infrastructure": "[1.0.0, )",
          "LibTessDotNet": "[1.1.15, )",
          "Microsoft.Extensions.ObjectPool": "[9.0.9, )"
        }
      },
      "fastgeomesh.application": {
        "type": "Project",
        "dependencies": {
          "FastGeoMesh.Domain": "[1.0.0, )",
          "FastGeoMesh.Infrastructure": "[1.0.0, )",
          "LibTessDotNet": "[1.1.15, )"
        }
      },
      "fastgeomesh.domain": {
        "type": "Project"
      },
      "fastgeomesh.infrastructure": {
        "type": "Project",
        "dependencies": {
          "FastGeoMesh.Domain": "[1.0.0, )",
          "LibTessDotNet": "[1.1.15, )",
          "Microsoft.Extensions.ObjectPool": "[9.0.9, )"
        }
      }
    }
  }
}